
Microsoft Visual Studio Solution File, Format Version 12.00
# Visual Studio 15
VisualStudioVersion = 15.0.28307.1500
MinimumVisualStudioVersion = 10.0.40219.1
Project("{8BC9CEB8-8B4A-11D0-8D11-00A0C91BC942}") = "cw_14_3_queue", "cw_14_3_queue\cw_14_3_queue.vcxproj", "{C7459752-28C4-4268-AA66-E3ECA0503536}"
EndProject
Global
	GlobalSection(SolutionConfigurationPlatforms) = preSolution
		Debug|x64 = Debug|x64
		Debug|x86 = Debug|x86
		Release|x64 = Release|x64
		Release|x86 = Release|x86
	EndGlobalSection
	GlobalSection(ProjectConfigurationPlatforms) = postSolution
		{C7459752-28C4-4268-AA66-E3ECA0503536}.Debug|x64.ActiveCfg = Debug|x64
		{C7459752-28C4-4268-AA66-E3ECA0503536}.Debug|x64.Build.0 = Debug|x64
		{C7459752-28C4-4268-AA66-E3ECA0503536}.Debug|x86.ActiveCfg = Debug|Win32
		{C7459752-28C4-4268-AA66-E3ECA0503536}.Debug|x86.Build.0 = Debug|Win32
		{C7459752-28C4-4268-AA66-E3ECA0503536}.Release|x64.ActiveCfg = Release|x64
		{C7459752-28C4-4268-AA66-E3ECA0503536}.Release|x64.Build.0 = Release|x64
		{C7459752-28C4-4268-AA66-E3ECA0503536}.Release|x86.ActiveCfg = Release|Win32
		{C7459752-28C4-4268-AA66-E3ECA0503536}.Release|x86.Build.0 = Release|Win32
	EndGlobalSection
	GlobalSection(SolutionProperties) = preSolution
		HideSolutionNode = FALSE
	EndGlobalSection
	GlobalSection(ExtensibilityGlobals) = postSolution
		SolutionGuid = {2FAFC994-ADDF-41CB-AA31-821C137019D6}
	EndGlobalSection
EndGlobal
